
Microsoft Visual Studio Solution File, Format Version 12.00
# Visual Studio 2012
Project("{FAE04EC0-301F-11D3-BF4B-00C04F79EFBC}") = "MyСalculatio", "MyСalculatio\MyСalculatio.csproj", "{8125F794-9497-4B9A-8E1C-CB4FFEF164A8}"
EndProject
Project("{FAE04EC0-301F-11D3-BF4B-00C04F79EFBC}") = "MyCalcTests", "MyCalcTests\MyCalcTests.csproj", "{B298C988-22D7-4B57-B8B6-8EC782702AD3}"
EndProject
Global
	GlobalSection(SolutionConfigurationPlatforms) = preSolution
		Debug|Any CPU = Debug|Any CPU
		Release|Any CPU = Release|Any CPU
	EndGlobalSection
	GlobalSection(ProjectConfigurationPlatforms) = postSolution
		{8125F794-9497-4B9A-8E1C-CB4FFEF164A8}.Debug|Any CPU.ActiveCfg = Debug|Any CPU
		{8125F794-9497-4B9A-8E1C-CB4FFEF164A8}.Debug|Any CPU.Build.0 = Debug|Any CPU
		{8125F794-9497-4B9A-8E1C-CB4FFEF164A8}.Release|Any CPU.ActiveCfg = Release|Any CPU
		{8125F794-9497-4B9A-8E1C-CB4FFEF164A8}.Release|Any CPU.Build.0 = Release|Any CPU
		{B298C988-22D7-4B57-B8B6-8EC782702AD3}.Debug|Any CPU.ActiveCfg = Debug|Any CPU
		{B298C988-22D7-4B57-B8B6-8EC782702AD3}.Debug|Any CPU.Build.0 = Debug|Any CPU
		{B298C988-22D7-4B57-B8B6-8EC782702AD3}.Release|Any CPU.ActiveCfg = Release|Any CPU
		{B298C988-22D7-4B57-B8B6-8EC782702AD3}.Release|Any CPU.Build.0 = Release|Any CPU
	EndGlobalSection
	GlobalSection(SolutionProperties) = preSolution
		HideSolutionNode = FALSE
	EndGlobalSection
EndGlobal
